
Microsoft Visual Studio Solution File, Format Version 12.00
# Visual Studio Version 17
VisualStudioVersion = 17.1.32319.34
MinimumVisualStudioVersion = 10.0.40219.1
Project("{FAE04EC0-301F-11D3-BF4B-00C04F79EFBC}") = "BotFatality", "BotFatality.csproj", "{20E52A3D-4951-4757-B47F-05351C905DD1}"
EndProject
Global
	GlobalSection(SolutionConfigurationPlatforms) = preSolution
		Debug|Any CPU = Debug|Any CPU
		Release|Any CPU = Release|Any CPU
	EndGlobalSection
	GlobalSection(ProjectConfigurationPlatforms) = postSolution
		{20E52A3D-4951-4757-B47F-05351C905DD1}.Debug|Any CPU.ActiveCfg = Debug|Any CPU
		{20E52A3D-4951-4757-B47F-05351C905DD1}.Debug|Any CPU.Build.0 = Debug|Any CPU
		{20E52A3D-4951-4757-B47F-05351C905DD1}.Release|Any CPU.ActiveCfg = Release|Any CPU
		{20E52A3D-4951-4757-B47F-05351C905DD1}.Release|Any CPU.Build.0 = Release|Any CPU
	EndGlobalSection
	GlobalSection(SolutionProperties) = preSolution
		HideSolutionNode = FALSE
	EndGlobalSection
	GlobalSection(ExtensibilityGlobals) = postSolution
		SolutionGuid = {08D0DC8B-5C7C-428F-9D40-4196A7385946}
	EndGlobalSection
EndGlobal
